
Microsoft Visual Studio Solution File, Format Version 12.00
# Visual Studio Version 17
VisualStudioVersion = 17.14.36811.4
MinimumVisualStudioVersion = 10.0.40219.1
Project("{2150E333-8FDC-42A3-9474-1A3956D46DE8}") = "src", "src", "{02EA681E-C7D8-13C7-8484-4AC65E1B71E8}"
EndProject
Project("{2150E333-8FDC-42A3-9474-1A3956D46DE8}") = "Catalog", "Catalog", "{053C3C26-3F76-4718-B7F3-32846E270A38}"
EndProject
Project("{FAE04EC0-301F-11D3-BF4B-00C04F79EFBC}") = "MultiShop.Catalog", "src\Catalog\MultiShop.Catalog\MultiShop.Catalog.csproj", "{24EED376-EF82-4754-97E5-2419D133674F}"
EndProject
Project("{2150E333-8FDC-42A3-9474-1A3956D46DE8}") = "Discount", "Discount", "{77541BFC-F1CB-4D02-A7C8-ACF80DB3363D}"
EndProject
Project("{FAE04EC0-301F-11D3-BF4B-00C04F79EFBC}") = "MultiShop.Discount", "src\Discount\MultiShop.Discount\MultiShop.Discount.csproj", "{07B2C075-52DF-4BF7-A916-2E6C55002660}"
EndProject
Project("{2150E333-8FDC-42A3-9474-1A3956D46DE8}") = "Order", "Order", "{5D336651-2BF1-436C-87EC-2FCFEC7DA57C}"
EndProject
Project("{2150E333-8FDC-42A3-9474-1A3956D46DE8}") = "Core", "Core", "{D6619356-BE7F-46B2-823B-0B32A3074661}"
EndProject
Project("{2150E333-8FDC-42A3-9474-1A3956D46DE8}") = "Infrastructure", "Infrastructure", "{90529942-101A-473F-983B-832F3B904968}"
EndProject
Project("{2150E333-8FDC-42A3-9474-1A3956D46DE8}") = "Presentation", "Presentation", "{67D05EA0-E004-4E61-BB41-B8D20B6C39B7}"
EndProject
Project("{FAE04EC0-301F-11D3-BF4B-00C04F79EFBC}") = "MultiShop.Order.Domain", "src\Order\Core\MultiShop.Order.Domain\MultiShop.Order.Domain.csproj", "{0A390CB3-4F92-4909-BC85-5E5AFFE03382}"
EndProject
Project("{FAE04EC0-301F-11D3-BF4B-00C04F79EFBC}") = "MultiShop.Order.Application", "src\Order\Core\MultiShop.Order.Application\MultiShop.Order.Application.csproj", "{45680F3C-CFCE-439C-B34F-AF09C68EB11A}"
EndProject
Project("{FAE04EC0-301F-11D3-BF4B-00C04F79EFBC}") = "MultiShop.Order.Persistence", "src\Order\Infrastructure\MultiShop.Order.Persistence\MultiShop.Order.Persistence.csproj", "{2F5F9903-33BE-44EE-B3B0-8D9A6E4686D2}"
EndProject
Project("{FAE04EC0-301F-11D3-BF4B-00C04F79EFBC}") = "MultiShop.Order.WebApi", "src\Order\Presentation\MultiShop.Order.WebApi\MultiShop.Order.WebApi.csproj", "{EE0F4284-E1F2-4425-994A-10D918330FB5}"
EndProject
Project("{2150E333-8FDC-42A3-9474-1A3956D46DE8}") = "IdentityServer", "IdentityServer", "{5D31351C-9F04-470F-8D01-9E93BCECAD4A}"
EndProject
Project("{FAE04EC0-301F-11D3-BF4B-00C04F79EFBC}") = "MultiShop.IdentityServer", "MultiShop.IdentityServer\MultiShop.IdentityServer.csproj", "{D970CA6D-ACFD-2D68-F6AB-63BC3262B23E}"
EndProject
Project("{2150E333-8FDC-42A3-9474-1A3956D46DE8}") = "Cargo", "Cargo", "{256CA350-55E9-409E-8D9D-3CB58FD73343}"
EndProject
Project("{FAE04EC0-301F-11D3-BF4B-00C04F79EFBC}") = "MultiShop.Cargo.BusinessLayer", "src\Cargo\MultiShop.Cargo.BusinessLayer\MultiShop.Cargo.BusinessLayer.csproj", "{DE083A6B-16EE-4F03-86C1-20BC6F717A51}"
EndProject
Project("{FAE04EC0-301F-11D3-BF4B-00C04F79EFBC}") = "MultiShop.Cargo.EntityLayer", "src\Cargo\MultiShop.Cargo.EntityLayer\MultiShop.Cargo.EntityLayer.csproj", "{AB4DB12B-8EF0-4004-83A4-8C3F6DB82178}"
EndProject
Project("{FAE04EC0-301F-11D3-BF4B-00C04F79EFBC}") = "MultiShop.Cargo.DataAccessLayer", "src\Cargo\MultiShop.Cargo.DataAccessLayer\MultiShop.Cargo.DataAccessLayer.csproj", "{D86A48C3-8EE6-4832-B718-21E56F068085}"
EndProject
Project("{FAE04EC0-301F-11D3-BF4B-00C04F79EFBC}") = "MultiShop.Cargo.DtoLayer", "src\Cargo\MultiShop.Cargo.DtoLayer\MultiShop.Cargo.DtoLayer.csproj", "{3EA17469-4D1E-4F43-98CB-522DE8577CAC}"
EndProject
Project("{FAE04EC0-301F-11D3-BF4B-00C04F79EFBC}") = "MultiShop.Cargo.WebApi", "src\Cargo\MultiShop.Cargo.WebApi\MultiShop.Cargo.WebApi.csproj", "{A67BC8BB-C10B-4C32-BA1F-9804395984FE}"
EndProject
Project("{2150E333-8FDC-42A3-9474-1A3956D46DE8}") = "Basket", "Basket", "{2F16C58A-5F51-4452-ABE1-EDC283A01E5F}"
EndProject
Project("{FAE04EC0-301F-11D3-BF4B-00C04F79EFBC}") = "MultiShop.Basket.WebApi", "src\Basket\MultiShop.Basket.WebApi\MultiShop.Basket.WebApi.csproj", "{994FDBE7-6D21-4D54-8889-6474CF23F332}"
EndProject
Project("{2150E333-8FDC-42A3-9474-1A3956D46DE8}") = "Frontend", "Frontend", "{76F7D28B-DA67-4979-9D5A-A2011C40DF9E}"
EndProject
Project("{FAE04EC0-301F-11D3-BF4B-00C04F79EFBC}") = "MultiShop.WebUI", "frontend\MultiShop.WebUI\MultiShop.WebUI.csproj", "{A1C62DEB-8DDC-469E-9654-5151D7CC5193}"
EndProject
Global
	GlobalSection(SolutionConfigurationPlatforms) = preSolution
		Debug|Any CPU = Debug|Any CPU
		Release|Any CPU = Release|Any CPU
	EndGlobalSection
	GlobalSection(ProjectConfigurationPlatforms) = postSolution
		{24EED376-EF82-4754-97E5-2419D133674F}.Debug|Any CPU.ActiveCfg = Debug|Any CPU
		{24EED376-EF82-4754-97E5-2419D133674F}.Debug|Any CPU.Build.0 = Debug|Any CPU
		{24EED376-EF82-4754-97E5-2419D133674F}.Release|Any CPU.ActiveCfg = Release|Any CPU
		{24EED376-EF82-4754-97E5-2419D133674F}.Release|Any CPU.Build.0 = Release|Any CPU
		{07B2C075-52DF-4BF7-A916-2E6C55002660}.Debug|Any CPU.ActiveCfg = Debug|Any CPU
		{07B2C075-52DF-4BF7-A916-2E6C55002660}.Debug|Any CPU.Build.0 = Debug|Any CPU
		{07B2C075-52DF-4BF7-A916-2E6C55002660}.Release|Any CPU.ActiveCfg = Release|Any CPU
		{07B2C075-52DF-4BF7-A916-2E6C55002660}.Release|Any CPU.Build.0 = Release|Any CPU
		{0A390CB3-4F92-4909-BC85-5E5AFFE03382}.Debug|Any CPU.ActiveCfg = Debug|Any CPU
		{0A390CB3-4F92-4909-BC85-5E5AFFE03382}.Debug|Any CPU.Build.0 = Debug|Any CPU
		{0A390CB3-4F92-4909-BC85-5E5AFFE03382}.Release|Any CPU.ActiveCfg = Release|Any CPU
		{0A390CB3-4F92-4909-BC85-5E5AFFE03382}.Release|Any CPU.Build.0 = Release|Any CPU
		{45680F3C-CFCE-439C-B34F-AF09C68EB11A}.Debug|Any CPU.ActiveCfg = Debug|Any CPU
		{45680F3C-CFCE-439C-B34F-AF09C68EB11A}.Debug|Any CPU.Build.0 = Debug|Any CPU
		{45680F3C-CFCE-439C-B34F-AF09C68EB11A}.Release|Any CPU.ActiveCfg = Release|Any CPU
		{45680F3C-CFCE-439C-B34F-AF09C68EB11A}.Release|Any CPU.Build.0 = Release|Any CPU
		{2F5F9903-33BE-44EE-B3B0-8D9A6E4686D2}.Debug|Any CPU.ActiveCfg = Debug|Any CPU
		{2F5F9903-33BE-44EE-B3B0-8D9A6E4686D2}.Debug|Any CPU.Build.0 = Debug|Any CPU
		{2F5F9903-33BE-44EE-B3B0-8D9A6E4686D2}.Release|Any CPU.ActiveCfg = Release|Any CPU
		{2F5F9903-33BE-44EE-B3B0-8D9A6E4686D2}.Release|Any CPU.Build.0 = Release|Any CPU
		{EE0F4284-E1F2-4425-994A-10D918330FB5}.Debug|Any CPU.ActiveCfg = Debug|Any CPU
		{EE0F4284-E1F2-4425-994A-10D918330FB5}.Debug|Any CPU.Build.0 = Debug|Any CPU
		{EE0F4284-E1F2-4425-994A-10D918330FB5}.Release|Any CPU.ActiveCfg = Release|Any CPU
		{EE0F4284-E1F2-4425-994A-10D918330FB5}.Release|Any CPU.Build.0 = Release|Any CPU
		{D970CA6D-ACFD-2D68-F6AB-63BC3262B23E}.Debug|Any CPU.ActiveCfg = Debug|Any CPU
		{D970CA6D-ACFD-2D68-F6AB-63BC3262B23E}.Debug|Any CPU.Build.0 = Debug|Any CPU
		{D970CA6D-ACFD-2D68-F6AB-63BC3262B23E}.Release|Any CPU.ActiveCfg = Release|Any CPU
		{D970CA6D-ACFD-2D68-F6AB-63BC3262B23E}.Release|Any CPU.Build.0 = Release|Any CPU
		{DE083A6B-16EE-4F03-86C1-20BC6F717A51}.Debug|Any CPU.ActiveCfg = Debug|Any CPU
		{DE083A6B-16EE-4F03-86C1-20BC6F717A51}.Debug|Any CPU.Build.0 = Debug|Any CPU
		{DE083A6B-16EE-4F03-86C1-20BC6F717A51}.Release|Any CPU.ActiveCfg = Release|Any CPU
		{DE083A6B-16EE-4F03-86C1-20BC6F717A51}.Release|Any CPU.Build.0 = Release|Any CPU
		{AB4DB12B-8EF0-4004-83A4-8C3F6DB82178}.Debug|Any CPU.ActiveCfg = Debug|Any CPU
		{AB4DB12B-8EF0-4004-83A4-8C3F6DB82178}.Debug|Any CPU.Build.0 = Debug|Any CPU
		{AB4DB12B-8EF0-4004-83A4-8C3F6DB82178}.Release|Any CPU.ActiveCfg = Release|Any CPU
		{AB4DB12B-8EF0-4004-83A4-8C3F6DB82178}.Release|Any CPU.Build.0 = Release|Any CPU
		{D86A48C3-8EE6-4832-B718-21E56F068085}.Debug|Any CPU.ActiveCfg = Debug|Any CPU
		{D86A48C3-8EE6-4832-B718-21E56F068085}.Debug|Any CPU.Build.0 = Debug|Any CPU
		{D86A48C3-8EE6-4832-B718-21E56F068085}.Release|Any CPU.ActiveCfg = Release|Any CPU
		{D86A48C3-8EE6-4832-B718-21E56F068085}.Release|Any CPU.Build.0 = Release|Any CPU
		{3EA17469-4D1E-4F43-98CB-522DE8577CAC}.Debug|Any CPU.ActiveCfg = Debug|Any CPU
		{3EA17469-4D1E-4F43-98CB-522DE8577CAC}.Debug|Any CPU.Build.0 = Debug|Any CPU
		{3EA17469-4D1E-4F43-98CB-522DE8577CAC}.Release|Any CPU.ActiveCfg = Release|Any CPU
		{3EA17469-4D1E-4F43-98CB-522DE8577CAC}.Release|Any CPU.Build.0 = Release|Any CPU
		{A67BC8BB-C10B-4C32-BA1F-9804395984FE}.Debug|Any CPU.ActiveCfg = Debug|Any CPU
		{A67BC8BB-C10B-4C32-BA1F-9804395984FE}.Debug|Any CPU.Build.0 = Debug|Any CPU
		{A67BC8BB-C10B-4C32-BA1F-9804395984FE}.Release|Any CPU.ActiveCfg = Release|Any CPU
		{A67BC8BB-C10B-4C32-BA1F-9804395984FE}.Release|Any CPU.Build.0 = Release|Any CPU
		{994FDBE7-6D21-4D54-8889-6474CF23F332}.Debug|Any CPU.ActiveCfg = Debug|Any CPU
		{994FDBE7-6D21-4D54-8889-6474CF23F332}.Debug|Any CPU.Build.0 = Debug|Any CPU
		{994FDBE7-6D21-4D54-8889-6474CF23F332}.Release|Any CPU.ActiveCfg = Release|Any CPU
		{994FDBE7-6D21-4D54-8889-6474CF23F332}.Release|Any CPU.Build.0 = Release|Any CPU
		{A1C62DEB-8DDC-469E-9654-5151D7CC5193}.Debug|Any CPU.ActiveCfg = Debug|Any CPU
		{A1C62DEB-8DDC-469E-9654-5151D7CC5193}.Debug|Any CPU.Build.0 = Debug|Any CPU
		{A1C62DEB-8DDC-469E-9654-5151D7CC5193}.Release|Any CPU.ActiveCfg = Release|Any CPU
		{A1C62DEB-8DDC-469E-9654-5151D7CC5193}.Release|Any CPU.Build.0 = Release|Any CPU
	EndGlobalSection
	GlobalSection(SolutionProperties) = preSolution
		HideSolutionNode = FALSE
	EndGlobalSection
	GlobalSection(NestedProjects) = preSolution
		{053C3C26-3F76-4718-B7F3-32846E270A38} = {02EA681E-C7D8-13C7-8484-4AC65E1B71E8}
		{24EED376-EF82-4754-97E5-2419D133674F} = {053C3C26-3F76-4718-B7F3-32846E270A38}
		{77541BFC-F1CB-4D02-A7C8-ACF80DB3363D} = {02EA681E-C7D8-13C7-8484-4AC65E1B71E8}
		{07B2C075-52DF-4BF7-A916-2E6C55002660} = {77541BFC-F1CB-4D02-A7C8-ACF80DB3363D}
		{5D336651-2BF1-436C-87EC-2FCFEC7DA57C} = {02EA681E-C7D8-13C7-8484-4AC65E1B71E8}
		{D6619356-BE7F-46B2-823B-0B32A3074661} = {5D336651-2BF1-436C-87EC-2FCFEC7DA57C}
		{90529942-101A-473F-983B-832F3B904968} = {5D336651-2BF1-436C-87EC-2FCFEC7DA57C}
		{67D05EA0-E004-4E61-BB41-B8D20B6C39B7} = {5D336651-2BF1-436C-87EC-2FCFEC7DA57C}
		{0A390CB3-4F92-4909-BC85-5E5AFFE03382} = {D6619356-BE7F-46B2-823B-0B32A3074661}
		{45680F3C-CFCE-439C-B34F-AF09C68EB11A} = {D6619356-BE7F-46B2-823B-0B32A3074661}
		{2F5F9903-33BE-44EE-B3B0-8D9A6E4686D2} = {90529942-101A-473F-983B-832F3B904968}
		{EE0F4284-E1F2-4425-994A-10D918330FB5} = {67D05EA0-E004-4E61-BB41-B8D20B6C39B7}
		{D970CA6D-ACFD-2D68-F6AB-63BC3262B23E} = {5D31351C-9F04-470F-8D01-9E93BCECAD4A}
		{256CA350-55E9-409E-8D9D-3CB58FD73343} = {02EA681E-C7D8-13C7-8484-4AC65E1B71E8}
		{DE083A6B-16EE-4F03-86C1-20BC6F717A51} = {256CA350-55E9-409E-8D9D-3CB58FD73343}
		{AB4DB12B-8EF0-4004-83A4-8C3F6DB82178} = {256CA350-55E9-409E-8D9D-3CB58FD73343}
		{D86A48C3-8EE6-4832-B718-21E56F068085} = {256CA350-55E9-409E-8D9D-3CB58FD73343}
		{3EA17469-4D1E-4F43-98CB-522DE8577CAC} = {256CA350-55E9-409E-8D9D-3CB58FD73343}
		{A67BC8BB-C10B-4C32-BA1F-9804395984FE} = {256CA350-55E9-409E-8D9D-3CB58FD73343}
		{2F16C58A-5F51-4452-ABE1-EDC283A01E5F} = {02EA681E-C7D8-13C7-8484-4AC65E1B71E8}
		{994FDBE7-6D21-4D54-8889-6474CF23F332} = {2F16C58A-5F51-4452-ABE1-EDC283A01E5F}
		{A1C62DEB-8DDC-469E-9654-5151D7CC5193} = {76F7D28B-DA67-4979-9D5A-A2011C40DF9E}
	EndGlobalSection
	GlobalSection(ExtensibilityGlobals) = postSolution
		SolutionGuid = {2B61EA43-D083-455D-8F18-9FEF4AF61988}
	EndGlobalSection
EndGlobal
