
Microsoft Visual Studio Solution File, Format Version 12.00
# Visual Studio Version 17
VisualStudioVersion = 17.14.36811.4
MinimumVisualStudioVersion = 10.0.40219.1
Project("{2150E333-8FDC-42A3-9474-1A3956D46DE8}") = "src", "src", "{02EA681E-C7D8-13C7-8484-4AC65E1B71E8}"
EndProject
Project("{2150E333-8FDC-42A3-9474-1A3956D46DE8}") = "Catalog", "Catalog", "{053C3C26-3F76-4718-B7F3-32846E270A38}"
EndProject
Project("{FAE04EC0-301F-11D3-BF4B-00C04F79EFBC}") = "MultiShop.Catalog", "src\Catalog\MultiShop.Catalog\MultiShop.Catalog.csproj", "{24EED376-EF82-4754-97E5-2419D133674F}"
EndProject
Project("{2150E333-8FDC-42A3-9474-1A3956D46DE8}") = "Discount", "Discount", "{77541BFC-F1CB-4D02-A7C8-ACF80DB3363D}"
EndProject
Project("{FAE04EC0-301F-11D3-BF4B-00C04F79EFBC}") = "MultiShop.Discount", "src\Discount\MultiShop.Discount\MultiShop.Discount.csproj", "{07B2C075-52DF-4BF7-A916-2E6C55002660}"
EndProject
Project("{2150E333-8FDC-42A3-9474-1A3956D46DE8}") = "Order", "Order", "{5D336651-2BF1-436C-87EC-2FCFEC7DA57C}"
EndProject
Project("{2150E333-8FDC-42A3-9474-1A3956D46DE8}") = "Core", "Core", "{D6619356-BE7F-46B2-823B-0B32A3074661}"
EndProject
Project("{2150E333-8FDC-42A3-9474-1A3956D46DE8}") = "Infrastructure", "Infrastructure", "{90529942-101A-473F-983B-832F3B904968}"
EndProject
Project("{2150E333-8FDC-42A3-9474-1A3956D46DE8}") = "Presentation", "Presentation", "{67D05EA0-E004-4E61-BB41-B8D20B6C39B7}"
EndProject
Project("{FAE04EC0-301F-11D3-BF4B-00C04F79EFBC}") = "MultiShop.Order.Domain", "src\Order\Core\MultiShop.Order.Domain\MultiShop.Order.Domain.csproj", "{0A390CB3-4F92-4909-BC85-5E5AFFE03382}"
EndProject
Project("{FAE04EC0-301F-11D3-BF4B-00C04F79EFBC}") = "MultiShop.Order.Application", "src\Order\Core\MultiShop.Order.Application\MultiShop.Order.Application.csproj", "{45680F3C-CFCE-439C-B34F-AF09C68EB11A}"
EndProject
Project("{FAE04EC0-301F-11D3-BF4B-00C04F79EFBC}") = "MultiShop.Order.Persistence", "src\Order\Infrastructure\MultiShop.Order.Persistence\MultiShop.Order.Persistence.csproj", "{2F5F9903-33BE-44EE-B3B0-8D9A6E4686D2}"
EndProject
Project("{FAE04EC0-301F-11D3-BF4B-00C04F79EFBC}") = "MultiShop.Order.WebApi", "src\Order\Presentation\MultiShop.Order.WebApi\MultiShop.Order.WebApi.csproj", "{EE0F4284-E1F2-4425-994A-10D918330FB5}"
EndProject
Project("{2150E333-8FDC-42A3-9474-1A3956D46DE8}") = "IdentityServer", "IdentityServer", "{5D31351C-9F04-470F-8D01-9E93BCECAD4A}"
EndProject
Project("{FAE04EC0-301F-11D3-BF4B-00C04F79EFBC}") = "MultiShop.IdentityServer", "MultiShop.IdentityServer\MultiShop.IdentityServer.csproj", "{D970CA6D-ACFD-2D68-F6AB-63BC3262B23E}"
EndProject
Global
	GlobalSection(SolutionConfigurationPlatforms) = preSolution
		Debug|Any CPU = Debug|Any CPU
		Release|Any CPU = Release|Any CPU
	EndGlobalSection
	GlobalSection(ProjectConfigurationPlatforms) = postSolution
		{24EED376-EF82-4754-97E5-2419D133674F}.Debug|Any CPU.ActiveCfg = Debug|Any CPU
		{24EED376-EF82-4754-97E5-2419D133674F}.Debug|Any CPU.Build.0 = Debug|Any CPU
		{24EED376-EF82-4754-97E5-2419D133674F}.Release|Any CPU.ActiveCfg = Release|Any CPU
		{24EED376-EF82-4754-97E5-2419D133674F}.Release|Any CPU.Build.0 = Release|Any CPU
		{07B2C075-52DF-4BF7-A916-2E6C55002660}.Debug|Any CPU.ActiveCfg = Debug|Any CPU
		{07B2C075-52DF-4BF7-A916-2E6C55002660}.Debug|Any CPU.Build.0 = Debug|Any CPU
		{07B2C075-52DF-4BF7-A916-2E6C55002660}.Release|Any CPU.ActiveCfg = Release|Any CPU
		{07B2C075-52DF-4BF7-A916-2E6C55002660}.Release|Any CPU.Build.0 = Release|Any CPU
		{0A390CB3-4F92-4909-BC85-5E5AFFE03382}.Debug|Any CPU.ActiveCfg = Debug|Any CPU
		{0A390CB3-4F92-4909-BC85-5E5AFFE03382}.Debug|Any CPU.Build.0 = Debug|Any CPU
		{0A390CB3-4F92-4909-BC85-5E5AFFE03382}.Release|Any CPU.ActiveCfg = Release|Any CPU
		{0A390CB3-4F92-4909-BC85-5E5AFFE03382}.Release|Any CPU.Build.0 = Release|Any CPU
		{45680F3C-CFCE-439C-B34F-AF09C68EB11A}.Debug|Any CPU.ActiveCfg = Debug|Any CPU
		{45680F3C-CFCE-439C-B34F-AF09C68EB11A}.Debug|Any CPU.Build.0 = Debug|Any CPU
		{45680F3C-CFCE-439C-B34F-AF09C68EB11A}.Release|Any CPU.ActiveCfg = Release|Any CPU
		{45680F3C-CFCE-439C-B34F-AF09C68EB11A}.Release|Any CPU.Build.0 = Release|Any CPU
		{2F5F9903-33BE-44EE-B3B0-8D9A6E4686D2}.Debug|Any CPU.ActiveCfg = Debug|Any CPU
		{2F5F9903-33BE-44EE-B3B0-8D9A6E4686D2}.Debug|Any CPU.Build.0 = Debug|Any CPU
		{2F5F9903-33BE-44EE-B3B0-8D9A6E4686D2}.Release|Any CPU.ActiveCfg = Release|Any CPU
		{2F5F9903-33BE-44EE-B3B0-8D9A6E4686D2}.Release|Any CPU.Build.0 = Release|Any CPU
		{EE0F4284-E1F2-4425-994A-10D918330FB5}.Debug|Any CPU.ActiveCfg = Debug|Any CPU
		{EE0F4284-E1F2-4425-994A-10D918330FB5}.Debug|Any CPU.Build.0 = Debug|Any CPU
		{EE0F4284-E1F2-4425-994A-10D918330FB5}.Release|Any CPU.ActiveCfg = Release|Any CPU
		{EE0F4284-E1F2-4425-994A-10D918330FB5}.Release|Any CPU.Build.0 = Release|Any CPU
		{D970CA6D-ACFD-2D68-F6AB-63BC3262B23E}.Debug|Any CPU.ActiveCfg = Debug|Any CPU
		{D970CA6D-ACFD-2D68-F6AB-63BC3262B23E}.Debug|Any CPU.Build.0 = Debug|Any CPU
		{D970CA6D-ACFD-2D68-F6AB-63BC3262B23E}.Release|Any CPU.ActiveCfg = Release|Any CPU
		{D970CA6D-ACFD-2D68-F6AB-63BC3262B23E}.Release|Any CPU.Build.0 = Release|Any CPU
	EndGlobalSection
	GlobalSection(SolutionProperties) = preSolution
		HideSolutionNode = FALSE
	EndGlobalSection
	GlobalSection(NestedProjects) = preSolution
		{053C3C26-3F76-4718-B7F3-32846E270A38} = {02EA681E-C7D8-13C7-8484-4AC65E1B71E8}
		{24EED376-EF82-4754-97E5-2419D133674F} = {053C3C26-3F76-4718-B7F3-32846E270A38}
		{77541BFC-F1CB-4D02-A7C8-ACF80DB3363D} = {02EA681E-C7D8-13C7-8484-4AC65E1B71E8}
		{07B2C075-52DF-4BF7-A916-2E6C55002660} = {77541BFC-F1CB-4D02-A7C8-ACF80DB3363D}
		{5D336651-2BF1-436C-87EC-2FCFEC7DA57C} = {02EA681E-C7D8-13C7-8484-4AC65E1B71E8}
		{D6619356-BE7F-46B2-823B-0B32A3074661} = {5D336651-2BF1-436C-87EC-2FCFEC7DA57C}
		{90529942-101A-473F-983B-832F3B904968} = {5D336651-2BF1-436C-87EC-2FCFEC7DA57C}
		{67D05EA0-E004-4E61-BB41-B8D20B6C39B7} = {5D336651-2BF1-436C-87EC-2FCFEC7DA57C}
		{0A390CB3-4F92-4909-BC85-5E5AFFE03382} = {D6619356-BE7F-46B2-823B-0B32A3074661}
		{45680F3C-CFCE-439C-B34F-AF09C68EB11A} = {D6619356-BE7F-46B2-823B-0B32A3074661}
		{2F5F9903-33BE-44EE-B3B0-8D9A6E4686D2} = {90529942-101A-473F-983B-832F3B904968}
		{EE0F4284-E1F2-4425-994A-10D918330FB5} = {67D05EA0-E004-4E61-BB41-B8D20B6C39B7}
		{D970CA6D-ACFD-2D68-F6AB-63BC3262B23E} = {5D31351C-9F04-470F-8D01-9E93BCECAD4A}
	EndGlobalSection
	GlobalSection(ExtensibilityGlobals) = postSolution
		SolutionGuid = {2B61EA43-D083-455D-8F18-9FEF4AF61988}
	EndGlobalSection
EndGlobal
