
Microsoft Visual Studio Solution File, Format Version 12.00
# Visual Studio Version 17
VisualStudioVersion = 17.14.36811.4
MinimumVisualStudioVersion = 10.0.40219.1
Project("{2150E333-8FDC-42A3-9474-1A3956D46DE8}") = "src", "src", "{02EA681E-C7D8-13C7-8484-4AC65E1B71E8}"
EndProject
Project("{2150E333-8FDC-42A3-9474-1A3956D46DE8}") = "Catalog", "Catalog", "{053C3C26-3F76-4718-B7F3-32846E270A38}"
EndProject
Project("{FAE04EC0-301F-11D3-BF4B-00C04F79EFBC}") = "MultiShop.Catalog", "src\Catalog\MultiShop.Catalog\MultiShop.Catalog.csproj", "{24EED376-EF82-4754-97E5-2419D133674F}"
EndProject
Project("{2150E333-8FDC-42A3-9474-1A3956D46DE8}") = "Discount", "Discount", "{77541BFC-F1CB-4D02-A7C8-ACF80DB3363D}"
EndProject
Project("{FAE04EC0-301F-11D3-BF4B-00C04F79EFBC}") = "MultiShop.Discount", "src\Discount\MultiShop.Discount\MultiShop.Discount.csproj", "{07B2C075-52DF-4BF7-A916-2E6C55002660}"
EndProject
Global
	GlobalSection(SolutionConfigurationPlatforms) = preSolution
		Debug|Any CPU = Debug|Any CPU
		Release|Any CPU = Release|Any CPU
	EndGlobalSection
	GlobalSection(ProjectConfigurationPlatforms) = postSolution
		{24EED376-EF82-4754-97E5-2419D133674F}.Debug|Any CPU.ActiveCfg = Debug|Any CPU
		{24EED376-EF82-4754-97E5-2419D133674F}.Debug|Any CPU.Build.0 = Debug|Any CPU
		{24EED376-EF82-4754-97E5-2419D133674F}.Release|Any CPU.ActiveCfg = Release|Any CPU
		{24EED376-EF82-4754-97E5-2419D133674F}.Release|Any CPU.Build.0 = Release|Any CPU
		{07B2C075-52DF-4BF7-A916-2E6C55002660}.Debug|Any CPU.ActiveCfg = Debug|Any CPU
		{07B2C075-52DF-4BF7-A916-2E6C55002660}.Debug|Any CPU.Build.0 = Debug|Any CPU
		{07B2C075-52DF-4BF7-A916-2E6C55002660}.Release|Any CPU.ActiveCfg = Release|Any CPU
		{07B2C075-52DF-4BF7-A916-2E6C55002660}.Release|Any CPU.Build.0 = Release|Any CPU
	EndGlobalSection
	GlobalSection(SolutionProperties) = preSolution
		HideSolutionNode = FALSE
	EndGlobalSection
	GlobalSection(NestedProjects) = preSolution
		{053C3C26-3F76-4718-B7F3-32846E270A38} = {02EA681E-C7D8-13C7-8484-4AC65E1B71E8}
		{24EED376-EF82-4754-97E5-2419D133674F} = {053C3C26-3F76-4718-B7F3-32846E270A38}
		{77541BFC-F1CB-4D02-A7C8-ACF80DB3363D} = {02EA681E-C7D8-13C7-8484-4AC65E1B71E8}
		{07B2C075-52DF-4BF7-A916-2E6C55002660} = {77541BFC-F1CB-4D02-A7C8-ACF80DB3363D}
	EndGlobalSection
	GlobalSection(ExtensibilityGlobals) = postSolution
		SolutionGuid = {2B61EA43-D083-455D-8F18-9FEF4AF61988}
	EndGlobalSection
EndGlobal
